// !$*UTF8*$!
{
	archiveVersion = 1;
	classes = {
	};
	objectVersion = 46;
	objects = {

/* Begin PBXBuildFile section */
		6653E32B1C3BA79900FA79B1 /* main.m in Sources */ = {isa = PBXBuildFile; fileRef = 6653E32A1C3BA79900FA79B1 /* main.m */; };
		6653E3331C3BA80B00FA79B1 /* MemoryManagement.m in Sources */ = {isa = PBXBuildFile; fileRef = 6653E3321C3BA80B00FA79B1 /* MemoryManagement.m */; };
		6653E3361C3BA8C000FA79B1 /* Dinosaur.m in Sources */ = {isa = PBXBuildFile; fileRef = 6653E3351C3BA8C000FA79B1 /* Dinosaur.m */; };
/* End PBXBuildFile section */

/* Begin PBXCopyFilesBuildPhase section */
		6653E3251C3BA79900FA79B1 /* CopyFiles */ = {
			isa = PBXCopyFilesBuildPhase;
			buildActionMask = 2147483647;
			dstPath = /usr/share/man/man1/;
			dstSubfolderSpec = 0;
			files = (
			);
			runOnlyForDeploymentPostprocessing = 1;
		};
/* End PBXCopyFilesBuildPhase section */

/* Begin PBXFileReference section */
		6653E3271C3BA79900FA79B1 /* MemoryManagement */ = {isa = PBXFileReference; explicitFileType = "compiled.mach-o.executable"; includeInIndex = 0; path = MemoryManagement; sourceTree = BUILT_PRODUCTS_DIR; };
		6653E32A1C3BA79900FA79B1 /* main.m */ = {isa = PBXFileReference; lastKnownFileType = sourcecode.c.objc; path = main.m; sourceTree = "<group>"; };
		6653E3311C3BA80B00FA79B1 /* MemoryManagement.h */ = {isa = PBXFileReference; fileEncoding = 4; lastKnownFileType = sourcecode.c.h; path = MemoryManagement.h; sourceTree = "<group>"; };
		6653E3321C3BA80B00FA79B1 /* MemoryManagement.m */ = {isa = PBXFileReference; fileEncoding = 4; lastKnownFileType = sourcecode.c.objc; path = MemoryManagement.m; sourceTree = "<group>"; };
		6653E3341C3BA8C000FA79B1 /* Dinosaur.h */ = {isa = PBXFileReference; fileEncoding = 4; lastKnownFileType = sourcecode.c.h; path = Dinosaur.h; sourceTree = "<group>"; };
		6653E3351C3BA8C000FA79B1 /* Dinosaur.m */ = {isa = PBXFileReference; fileEncoding = 4; lastKnownFileType = sourcecode.c.objc; path = Dinosaur.m; sourceTree = "<group>"; };
/* End PBXFileReference section */

/* Begin PBXFrameworksBuildPhase section */
		6653E3241C3BA79900FA79B1 /* Frameworks */ = {
			isa = PBXFrameworksBuildPhase;
			buildActionMask = 2147483647;
			files = (
			);
			runOnlyForDeploymentPostprocessing = 0;
		};
/* End PBXFrameworksBuildPhase section */

/* Begin PBXGroup section */
		6653E31E1C3BA79900FA79B1 = {
			isa = PBXGroup;
			children = (
				6653E3291C3BA79900FA79B1 /* MemoryManagement */,
				6653E3281C3BA79900FA79B1 /* Products */,
			);
			sourceTree = "<group>";
		};
		6653E3281C3BA79900FA79B1 /* Products */ = {
			isa = PBXGroup;
			children = (
				6653E3271C3BA79900FA79B1 /* MemoryManagement */,
			);
			name = Products;
			sourceTree = "<group>";
		};
		6653E3291C3BA79900FA79B1 /* MemoryManagement */ = {
			isa = PBXGroup;
			children = (
				6653E32A1C3BA79900FA79B1 /* main.m */,
				6653E3311C3BA80B00FA79B1 /* MemoryManagement.h */,
				6653E3321C3BA80B00FA79B1 /* MemoryManagement.m */,
				6653E3341C3BA8C000FA79B1 /* Dinosaur.h */,
				6653E3351C3BA8C000FA79B1 /* Dinosaur.m */,
			);
			path = MemoryManagement;
			sourceTree = "<group>";
		};
/* End PBXGroup section */

/* Begin PBXNativeTarget section */
		6653E3261C3BA79900FA79B1 /* MemoryManagement */ = {
			isa = PBXNativeTarget;
			buildConfigurationList = 6653E32E1C3BA79900FA79B1 /* Build configuration list for PBXNativeTarget "MemoryManagement" */;
			buildPhases = (
				6653E3231C3BA79900FA79B1 /* Sources */,
				6653E3241C3BA79900FA79B1 /* Frameworks */,
				6653E3251C3BA79900FA79B1 /* CopyFiles */,
			);
			buildRules = (
			);
			dependencies = (
			);
			name = MemoryManagement;
			productName = MemoryManagement;
			productReference = 6653E3271C3BA79900FA79B1 /* MemoryManagement */;
			productType = "com.apple.product-type.tool";
		};
/* End PBXNativeTarget section */

/* Begin PBXProject section */
		6653E31F1C3BA79900FA79B1 /* Project object */ = {
			isa = PBXProject;
			attributes = {
				LastUpgradeCheck = 0720;
				ORGANIZATIONNAME = "Andyy Hope";
				TargetAttributes = {
					6653E3261C3BA79900FA79B1 = {
						CreatedOnToolsVersion = 7.2;
					};
				};
			};
			buildConfigurationList = 6653E3221C3BA79900FA79B1 /* Build configuration list for PBXProject "MemoryManagement" */;
			compatibilityVersion = "Xcode 3.2";
			developmentRegion = English;
			hasScannedForEncodings = 0;
			knownRegions = (
				en,
			);
			mainGroup = 6653E31E1C3BA79900FA79B1;
			productRefGroup = 6653E3281C3BA79900FA79B1 /* Products */;
			projectDirPath = "";
			projectRoot = "";
			targets = (
				6653E3261C3BA79900FA79B1 /* MemoryManagement */,
			);
		};
/* End PBXProject section */

/* Begin PBXSourcesBuildPhase section */
		6653E3231C3BA79900FA79B1 /* Sources */ = {
			isa = PBXSourcesBuildPhase;
			buildActionMask = 2147483647;
			files = (
				6653E3361C3BA8C000FA79B1 /* Dinosaur.m in Sources */,
				6653E32B1C3BA79900FA79B1 /* main.m in Sources */,
				6653E3331C3BA80B00FA79B1 /* MemoryManagement.m in Sources */,
			);
			runOnlyForDeploymentPostprocessing = 0;
		};
/* End PBXSourcesBuildPhase section */

/* Begin XCBuildConfiguration section */
		6653E32C1C3BA79900FA79B1 /* Debug */ = {
			isa = XCBuildConfiguration;
			buildSettings = {
				ALWAYS_SEARCH_USER_PATHS = NO;
				CLANG_CXX_LANGUAGE_STANDARD = "gnu++0x";
				CLANG_CXX_LIBRARY = "libc++";
				CLANG_ENABLE_MODULES = YES;
				CLANG_ENABLE_OBJC_ARC = YES;
				CLANG_WARN_BOOL_CONVERSION = YES;
				CLANG_WARN_CONSTANT_CONVERSION = YES;
				CLANG_WARN_DIRECT_OBJC_ISA_USAGE = YES_ERROR;
				CLANG_WARN_EMPTY_BODY = YES;
				CLANG_WARN_ENUM_CONVERSION = YES;
				CLANG_WARN_INT_CONVERSION = YES;
				CLANG_WARN_OBJC_ROOT_CLASS = YES_ERROR;
				CLANG_WARN_UNREACHABLE_CODE = YES;
				CLANG_WARN__DUPLICATE_METHOD_MATCH = YES;
				CODE_SIGN_IDENTITY = "-";
				COPY_PHASE_STRIP = NO;
				DEBUG_INFORMATION_FORMAT = dwarf;
				ENABLE_STRICT_OBJC_MSGSEND = YES;
				ENABLE_TESTABILITY = YES;
				GCC_C_LANGUAGE_STANDARD = gnu99;
				GCC_DYNAMIC_NO_PIC = NO;
				GCC_NO_COMMON_BLOCKS = YES;
				GCC_OPTIMIZATION_LEVEL = 0;
				GCC_PREPROCESSOR_DEFINITIONS = (
					"DEBUG=1",
					"$(inherited)",
				);
				GCC_WARN_64_TO_32_BIT_CONVERSION = YES;
				GCC_WARN_ABOUT_RETURN_TYPE = YES_ERROR;
				GCC_WARN_UNDECLARED_SELECTOR = YES;
				GCC_WARN_UNINITIALIZED_AUTOS = YES_AGGRESSIVE;
				GCC_WARN_UNUSED_FUNCTION = YES;
				GCC_WARN_UNUSED_VARIABLE = YES;
				MACOSX_DEPLOYMENT_TARGET = 10.11;
				MTL_ENABLE_DEBUG_INFO = YES;
				ONLY_ACTIVE_ARCH = YES;
				SDKROOT = macosx;
			};
			name = Debug;
		};
		6653E32D1C3BA79900FA79B1 /* Release */ = {
			isa = XCBuildConfiguration;
			buildSettings = {
				ALWAYS_SEARCH_USER_PATHS = NO;
				CLANG_CXX_LANGUAGE_STANDARD = "gnu++0x";
				CLANG_CXX_LIBRARY = "libc++";
				CLANG_ENABLE_MODULES = YES;
				CLANG_ENABLE_OBJC_ARC = YES;
				CLANG_WARN_BOOL_CONVERSION = YES;
				CLANG_WARN_CONSTANT_CONVERSION = YES;
				CLANG_WARN_DIRECT_OBJC_ISA_USAGE = YES_ERROR;
				CLANG_WARN_EMPTY_BODY = YES;
				CLANG_WARN_ENUM_CONVERSION = YES;
				CLANG_WARN_INT_CONVERSION = YES;
				CLANG_WARN_OBJC_ROOT_CLASS = YES_ERROR;
				CLANG_WARN_UNREACHABLE_CODE = YES;
				CLANG_WARN__DUPLICATE_METHOD_MATCH = YES;
				CODE_SIGN_IDENTITY = "-";
				COPY_PHASE_STRIP = NO;
				DEBUG_INFORMATION_FORMAT = "dwarf-with-dsym";
				ENABLE_NS_ASSERTIONS = NO;
				ENABLE_STRICT_OBJC_MSGSEND = YES;
				GCC_C_LANGUAGE_STANDARD = gnu99;
				GCC_NO_COMMON_BLOCKS = YES;
				GCC_WARN_64_TO_32_BIT_CONVERSION = YES;
				GCC_WARN_ABOUT_RETURN_TYPE = YES_ERROR;
				GCC_WARN_UNDECLARED_SELECTOR = YES;
				GCC_WARN_UNINITIALIZED_AUTOS = YES_AGGRESSIVE;
				GCC_WARN_UNUSED_FUNCTION = YES;
				GCC_WARN_UNUSED_VARIABLE = YES;
				MACOSX_DEPLOYMENT_TARGET = 10.11;
				MTL_ENABLE_DEBUG_INFO = NO;
				SDKROOT = macosx;
			};
			name = Release;
		};
		6653E32F1C3BA79900FA79B1 /* Debug */ = {
			isa = XCBuildConfiguration;
			buildSettings = {
				CLANG_ENABLE_OBJC_ARC = NO;
				PRODUCT_NAME = "$(TARGET_NAME)";
			};
			name = Debug;
		};
		6653E3301C3BA79900FA79B1 /* Release */ = {
			isa = XCBuildConfiguration;
			buildSettings = {
				CLANG_ENABLE_OBJC_ARC = NO;
				PRODUCT_NAME = "$(TARGET_NAME)";
			};
			name = Release;
		};
/* End XCBuildConfiguration section */

/* Begin XCConfigurationList section */
		6653E3221C3BA79900FA79B1 /* Build configuration list for PBXProject "MemoryManagement" */ = {
			isa = XCConfigurationList;
			buildConfigurations = (
				6653E32C1C3BA79900FA79B1 /* Debug */,
				6653E32D1C3BA79900FA79B1 /* Release */,
			);
			defaultConfigurationIsVisible = 0;
			defaultConfigurationName = Release;
		};
		6653E32E1C3BA79900FA79B1 /* Build configuration list for PBXNativeTarget "MemoryManagement" */ = {
			isa = XCConfigurationList;
			buildConfigurations = (
				6653E32F1C3BA79900FA79B1 /* Debug */,
				6653E3301C3BA79900FA79B1 /* Release */,
			);
			defaultConfigurationIsVisible = 0;
		};
/* End XCConfigurationList section */
	};
	rootObject = 6653E31F1C3BA79900FA79B1 /* Project object */;
}
